
Microsoft Visual Studio Solution File, Format Version 12.00
# Visual Studio Version 16
VisualStudioVersion = 16.0.29123.89
MinimumVisualStudioVersion = 10.0.40219.1
Project("{9A19103F-16F7-4668-BE54-9A1E7A4F7556}") = "AspNetCore3LedOnOff", "AspNetCore3LedOnOff.csproj", "{D8CD759E-DC4F-4425-BCA2-A443964C560A}"
EndProject
Project("{2150E333-8FDC-42A3-9474-1A3956D46DE8}") = "External files", "External files", "{A67FB844-7A62-42D4-BD5D-A9710A2D3752}"
	ProjectSection(SolutionItems) = preProject
		.gitignore = .gitignore
		README.md = README.md
		rpi-led_bb.png = rpi-led_bb.png
		run.bat = run.bat
	EndProjectSection
EndProject
Global
	GlobalSection(SolutionConfigurationPlatforms) = preSolution
		Debug|Any CPU = Debug|Any CPU
		Release|Any CPU = Release|Any CPU
	EndGlobalSection
	GlobalSection(ProjectConfigurationPlatforms) = postSolution
		{D8CD759E-DC4F-4425-BCA2-A443964C560A}.Debug|Any CPU.ActiveCfg = Debug|Any CPU
		{D8CD759E-DC4F-4425-BCA2-A443964C560A}.Debug|Any CPU.Build.0 = Debug|Any CPU
		{D8CD759E-DC4F-4425-BCA2-A443964C560A}.Release|Any CPU.ActiveCfg = Release|Any CPU
		{D8CD759E-DC4F-4425-BCA2-A443964C560A}.Release|Any CPU.Build.0 = Release|Any CPU
	EndGlobalSection
	GlobalSection(SolutionProperties) = preSolution
		HideSolutionNode = FALSE
	EndGlobalSection
	GlobalSection(ExtensibilityGlobals) = postSolution
		SolutionGuid = {CDA20485-F758-452B-8D95-50F7326785C1}
	EndGlobalSection
EndGlobal
